// !$*UTF8*$!
{
	archiveVersion = 1;
	classes = {
	};
	objectVersion = 50;
	objects = {

/* Begin PBXBuildFile section */
		14AE26B426E86B8100D783A3 /* AppDelegate.swift in Sources */ = {isa = PBXBuildFile; fileRef = 14AE26B326E86B8100D783A3 /* AppDelegate.swift */; };
		14AE26B626E86B8100D783A3 /* SceneDelegate.swift in Sources */ = {isa = PBXBuildFile; fileRef = 14AE26B526E86B8100D783A3 /* SceneDelegate.swift */; };
		14AE26B826E86B8100D783A3 /* ViewController.swift in Sources */ = {isa = PBXBuildFile; fileRef = 14AE26B726E86B8100D783A3 /* ViewController.swift */; };
		14AE26BB26E86B8100D783A3 /* Main.storyboard in Resources */ = {isa = PBXBuildFile; fileRef = 14AE26B926E86B8100D783A3 /* Main.storyboard */; };
		14AE26BD26E86B8200D783A3 /* Assets.xcassets in Resources */ = {isa = PBXBuildFile; fileRef = 14AE26BC26E86B8200D783A3 /* Assets.xcassets */; };
		14AE26C026E86B8200D783A3 /* LaunchScreen.storyboard in Resources */ = {isa = PBXBuildFile; fileRef = 14AE26BE26E86B8200D783A3 /* LaunchScreen.storyboard */; };
		14AE26CB26E86B8300D783A3 /* RecapExerciseTests.swift in Sources */ = {isa = PBXBuildFile; fileRef = 14AE26CA26E86B8300D783A3 /* RecapExerciseTests.swift */; };
		14AE26D626E86B8300D783A3 /* RecapExerciseUITests.swift in Sources */ = {isa = PBXBuildFile; fileRef = 14AE26D526E86B8300D783A3 /* RecapExerciseUITests.swift */; };
/* End PBXBuildFile section */

/* Begin PBXContainerItemProxy section */
		14AE26C726E86B8300D783A3 /* PBXContainerItemProxy */ = {
			isa = PBXContainerItemProxy;
			containerPortal = 14AE26A826E86B8100D783A3 /* Project object */;
			proxyType = 1;
			remoteGlobalIDString = 14AE26AF26E86B8100D783A3;
			remoteInfo = RecapExercise;
		};
		14AE26D226E86B8300D783A3 /* PBXContainerItemProxy */ = {
			isa = PBXContainerItemProxy;
			containerPortal = 14AE26A826E86B8100D783A3 /* Project object */;
			proxyType = 1;
			remoteGlobalIDString = 14AE26AF26E86B8100D783A3;
			remoteInfo = RecapExercise;
		};
/* End PBXContainerItemProxy section */

/* Begin PBXFileReference section */
		14AE26B026E86B8100D783A3 /* RecapExercise.app */ = {isa = PBXFileReference; explicitFileType = wrapper.application; includeInIndex = 0; path = RecapExercise.app; sourceTree = BUILT_PRODUCTS_DIR; };
		14AE26B326E86B8100D783A3 /* AppDelegate.swift */ = {isa = PBXFileReference; lastKnownFileType = sourcecode.swift; path = AppDelegate.swift; sourceTree = "<group>"; };
		14AE26B526E86B8100D783A3 /* SceneDelegate.swift */ = {isa = PBXFileReference; lastKnownFileType = sourcecode.swift; path = SceneDelegate.swift; sourceTree = "<group>"; };
		14AE26B726E86B8100D783A3 /* ViewController.swift */ = {isa = PBXFileReference; lastKnownFileType = sourcecode.swift; path = ViewController.swift; sourceTree = "<group>"; };
		14AE26BA26E86B8100D783A3 /* Base */ = {isa = PBXFileReference; lastKnownFileType = file.storyboard; name = Base; path = Base.lproj/Main.storyboard; sourceTree = "<group>"; };
		14AE26BC26E86B8200D783A3 /* Assets.xcassets */ = {isa = PBXFileReference; lastKnownFileType = folder.assetcatalog; path = Assets.xcassets; sourceTree = "<group>"; };
		14AE26BF26E86B8200D783A3 /* Base */ = {isa = PBXFileReference; lastKnownFileType = file.storyboard; name = Base; path = Base.lproj/LaunchScreen.storyboard; sourceTree = "<group>"; };
		14AE26C126E86B8200D783A3 /* Info.plist */ = {isa = PBXFileReference; lastKnownFileType = text.plist.xml; path = Info.plist; sourceTree = "<group>"; };
		14AE26C626E86B8300D783A3 /* RecapExerciseTests.xctest */ = {isa = PBXFileReference; explicitFileType = wrapper.cfbundle; includeInIndex = 0; path = RecapExerciseTests.xctest; sourceTree = BUILT_PRODUCTS_DIR; };
		14AE26CA26E86B8300D783A3 /* RecapExerciseTests.swift */ = {isa = PBXFileReference; lastKnownFileType = sourcecode.swift; path = RecapExerciseTests.swift; sourceTree = "<group>"; };
		14AE26CC26E86B8300D783A3 /* Info.plist */ = {isa = PBXFileReference; lastKnownFileType = text.plist.xml; path = Info.plist; sourceTree = "<group>"; };
		14AE26D126E86B8300D783A3 /* RecapExerciseUITests.xctest */ = {isa = PBXFileReference; explicitFileType = wrapper.cfbundle; includeInIndex = 0; path = RecapExerciseUITests.xctest; sourceTree = BUILT_PRODUCTS_DIR; };
		14AE26D526E86B8300D783A3 /* RecapExerciseUITests.swift */ = {isa = PBXFileReference; lastKnownFileType = sourcecode.swift; path = RecapExerciseUITests.swift; sourceTree = "<group>"; };
		14AE26D726E86B8300D783A3 /* Info.plist */ = {isa = PBXFileReference; lastKnownFileType = text.plist.xml; path = Info.plist; sourceTree = "<group>"; };
/* End PBXFileReference section */

/* Begin PBXFrameworksBuildPhase section */
		14AE26AD26E86B8100D783A3 /* Frameworks */ = {
			isa = PBXFrameworksBuildPhase;
			buildActionMask = 2147483647;
			files = (
			);
			runOnlyForDeploymentPostprocessing = 0;
		};
		14AE26C326E86B8300D783A3 /* Frameworks */ = {
			isa = PBXFrameworksBuildPhase;
			buildActionMask = 2147483647;
			files = (
			);
			runOnlyForDeploymentPostprocessing = 0;
		};
		14AE26CE26E86B8300D783A3 /* Frameworks */ = {
			isa = PBXFrameworksBuildPhase;
			buildActionMask = 2147483647;
			files = (
			);
			runOnlyForDeploymentPostprocessing = 0;
		};
/* End PBXFrameworksBuildPhase section */

/* Begin PBXGroup section */
		14AE26A726E86B8100D783A3 = {
			isa = PBXGroup;
			children = (
				14AE26B226E86B8100D783A3 /* RecapExercise */,
				14AE26C926E86B8300D783A3 /* RecapExerciseTests */,
				14AE26D426E86B8300D783A3 /* RecapExerciseUITests */,
				14AE26B126E86B8100D783A3 /* Products */,
			);
			sourceTree = "<group>";
		};
		14AE26B126E86B8100D783A3 /* Products */ = {
			isa = PBXGroup;
			children = (
				14AE26B026E86B8100D783A3 /* RecapExercise.app */,
				14AE26C626E86B8300D783A3 /* RecapExerciseTests.xctest */,
				14AE26D126E86B8300D783A3 /* RecapExerciseUITests.xctest */,
			);
			name = Products;
			sourceTree = "<group>";
		};
		14AE26B226E86B8100D783A3 /* RecapExercise */ = {
			isa = PBXGroup;
			children = (
				14AE26B326E86B8100D783A3 /* AppDelegate.swift */,
				14AE26B526E86B8100D783A3 /* SceneDelegate.swift */,
				14AE26B726E86B8100D783A3 /* ViewController.swift */,
				14AE26B926E86B8100D783A3 /* Main.storyboard */,
				14AE26BC26E86B8200D783A3 /* Assets.xcassets */,
				14AE26BE26E86B8200D783A3 /* LaunchScreen.storyboard */,
				14AE26C126E86B8200D783A3 /* Info.plist */,
			);
			path = RecapExercise;
			sourceTree = "<group>";
		};
		14AE26C926E86B8300D783A3 /* RecapExerciseTests */ = {
			isa = PBXGroup;
			children = (
				14AE26CA26E86B8300D783A3 /* RecapExerciseTests.swift */,
				14AE26CC26E86B8300D783A3 /* Info.plist */,
			);
			path = RecapExerciseTests;
			sourceTree = "<group>";
		};
		14AE26D426E86B8300D783A3 /* RecapExerciseUITests */ = {
			isa = PBXGroup;
			children = (
				14AE26D526E86B8300D783A3 /* RecapExerciseUITests.swift */,
				14AE26D726E86B8300D783A3 /* Info.plist */,
			);
			path = RecapExerciseUITests;
			sourceTree = "<group>";
		};
/* End PBXGroup section */

/* Begin PBXNativeTarget section */
		14AE26AF26E86B8100D783A3 /* RecapExercise */ = {
			isa = PBXNativeTarget;
			buildConfigurationList = 14AE26DA26E86B8300D783A3 /* Build configuration list for PBXNativeTarget "RecapExercise" */;
			buildPhases = (
				14AE26AC26E86B8100D783A3 /* Sources */,
				14AE26AD26E86B8100D783A3 /* Frameworks */,
				14AE26AE26E86B8100D783A3 /* Resources */,
			);
			buildRules = (
			);
			dependencies = (
			);
			name = RecapExercise;
			productName = RecapExercise;
			productReference = 14AE26B026E86B8100D783A3 /* RecapExercise.app */;
			productType = "com.apple.product-type.application";
		};
		14AE26C526E86B8300D783A3 /* RecapExerciseTests */ = {
			isa = PBXNativeTarget;
			buildConfigurationList = 14AE26DD26E86B8300D783A3 /* Build configuration list for PBXNativeTarget "RecapExerciseTests" */;
			buildPhases = (
				14AE26C226E86B8300D783A3 /* Sources */,
				14AE26C326E86B8300D783A3 /* Frameworks */,
				14AE26C426E86B8300D783A3 /* Resources */,
			);
			buildRules = (
			);
			dependencies = (
				14AE26C826E86B8300D783A3 /* PBXTargetDependency */,
			);
			name = RecapExerciseTests;
			productName = RecapExerciseTests;
			productReference = 14AE26C626E86B8300D783A3 /* RecapExerciseTests.xctest */;
			productType = "com.apple.product-type.bundle.unit-test";
		};
		14AE26D026E86B8300D783A3 /* RecapExerciseUITests */ = {
			isa = PBXNativeTarget;
			buildConfigurationList = 14AE26E026E86B8300D783A3 /* Build configuration list for PBXNativeTarget "RecapExerciseUITests" */;
			buildPhases = (
				14AE26CD26E86B8300D783A3 /* Sources */,
				14AE26CE26E86B8300D783A3 /* Frameworks */,
				14AE26CF26E86B8300D783A3 /* Resources */,
			);
			buildRules = (
			);
			dependencies = (
				14AE26D326E86B8300D783A3 /* PBXTargetDependency */,
			);
			name = RecapExerciseUITests;
			productName = RecapExerciseUITests;
			productReference = 14AE26D126E86B8300D783A3 /* RecapExerciseUITests.xctest */;
			productType = "com.apple.product-type.bundle.ui-testing";
		};
/* End PBXNativeTarget section */

/* Begin PBXProject section */
		14AE26A826E86B8100D783A3 /* Project object */ = {
			isa = PBXProject;
			attributes = {
				LastSwiftUpdateCheck = 1250;
				LastUpgradeCheck = 1250;
				TargetAttributes = {
					14AE26AF26E86B8100D783A3 = {
						CreatedOnToolsVersion = 12.5.1;
					};
					14AE26C526E86B8300D783A3 = {
						CreatedOnToolsVersion = 12.5.1;
						TestTargetID = 14AE26AF26E86B8100D783A3;
					};
					14AE26D026E86B8300D783A3 = {
						CreatedOnToolsVersion = 12.5.1;
						TestTargetID = 14AE26AF26E86B8100D783A3;
					};
				};
			};
			buildConfigurationList = 14AE26AB26E86B8100D783A3 /* Build configuration list for PBXProject "RecapExercise" */;
			compatibilityVersion = "Xcode 9.3";
			developmentRegion = en;
			hasScannedForEncodings = 0;
			knownRegions = (
				en,
				Base,
			);
			mainGroup = 14AE26A726E86B8100D783A3;
			productRefGroup = 14AE26B126E86B8100D783A3 /* Products */;
			projectDirPath = "";
			projectRoot = "";
			targets = (
				14AE26AF26E86B8100D783A3 /* RecapExercise */,
				14AE26C526E86B8300D783A3 /* RecapExerciseTests */,
				14AE26D026E86B8300D783A3 /* RecapExerciseUITests */,
			);
		};
/* End PBXProject section */

/* Begin PBXResourcesBuildPhase section */
		14AE26AE26E86B8100D783A3 /* Resources */ = {
			isa = PBXResourcesBuildPhase;
			buildActionMask = 2147483647;
			files = (
				14AE26C026E86B8200D783A3 /* LaunchScreen.storyboard in Resources */,
				14AE26BD26E86B8200D783A3 /* Assets.xcassets in Resources */,
				14AE26BB26E86B8100D783A3 /* Main.storyboard in Resources */,
			);
			runOnlyForDeploymentPostprocessing = 0;
		};
		14AE26C426E86B8300D783A3 /* Resources */ = {
			isa = PBXResourcesBuildPhase;
			buildActionMask = 2147483647;
			files = (
			);
			runOnlyForDeploymentPostprocessing = 0;
		};
		14AE26CF26E86B8300D783A3 /* Resources */ = {
			isa = PBXResourcesBuildPhase;
			buildActionMask = 2147483647;
			files = (
			);
			runOnlyForDeploymentPostprocessing = 0;
		};
/* End PBXResourcesBuildPhase section */

/* Begin PBXSourcesBuildPhase section */
		14AE26AC26E86B8100D783A3 /* Sources */ = {
			isa = PBXSourcesBuildPhase;
			buildActionMask = 2147483647;
			files = (
				14AE26B826E86B8100D783A3 /* ViewController.swift in Sources */,
				14AE26B426E86B8100D783A3 /* AppDelegate.swift in Sources */,
				14AE26B626E86B8100D783A3 /* SceneDelegate.swift in Sources */,
			);
			runOnlyForDeploymentPostprocessing = 0;
		};
		14AE26C226E86B8300D783A3 /* Sources */ = {
			isa = PBXSourcesBuildPhase;
			buildActionMask = 2147483647;
			files = (
				14AE26CB26E86B8300D783A3 /* RecapExerciseTests.swift in Sources */,
			);
			runOnlyForDeploymentPostprocessing = 0;
		};
		14AE26CD26E86B8300D783A3 /* Sources */ = {
			isa = PBXSourcesBuildPhase;
			buildActionMask = 2147483647;
			files = (
				14AE26D626E86B8300D783A3 /* RecapExerciseUITests.swift in Sources */,
			);
			runOnlyForDeploymentPostprocessing = 0;
		};
/* End PBXSourcesBuildPhase section */

/* Begin PBXTargetDependency section */
		14AE26C826E86B8300D783A3 /* PBXTargetDependency */ = {
			isa = PBXTargetDependency;
			target = 14AE26AF26E86B8100D783A3 /* RecapExercise */;
			targetProxy = 14AE26C726E86B8300D783A3 /* PBXContainerItemProxy */;
		};
		14AE26D326E86B8300D783A3 /* PBXTargetDependency */ = {
			isa = PBXTargetDependency;
			target = 14AE26AF26E86B8100D783A3 /* RecapExercise */;
			targetProxy = 14AE26D226E86B8300D783A3 /* PBXContainerItemProxy */;
		};
/* End PBXTargetDependency section */

/* Begin PBXVariantGroup section */
		14AE26B926E86B8100D783A3 /* Main.storyboard */ = {
			isa = PBXVariantGroup;
			children = (
				14AE26BA26E86B8100D783A3 /* Base */,
			);
			name = Main.storyboard;
			sourceTree = "<group>";
		};
		14AE26BE26E86B8200D783A3 /* LaunchScreen.storyboard */ = {
			isa = PBXVariantGroup;
			children = (
				14AE26BF26E86B8200D783A3 /* Base */,
			);
			name = LaunchScreen.storyboard;
			sourceTree = "<group>";
		};
/* End PBXVariantGroup section */

/* Begin XCBuildConfiguration section */
		14AE26D826E86B8300D783A3 /* Debug */ = {
			isa = XCBuildConfiguration;
			buildSettings = {
				ALWAYS_SEARCH_USER_PATHS = NO;
				CLANG_ANALYZER_NONNULL = YES;
				CLANG_ANALYZER_NUMBER_OBJECT_CONVERSION = YES_AGGRESSIVE;
				CLANG_CXX_LANGUAGE_STANDARD = "gnu++14";
				CLANG_CXX_LIBRARY = "libc++";
				CLANG_ENABLE_MODULES = YES;
				CLANG_ENABLE_OBJC_ARC = YES;
				CLANG_ENABLE_OBJC_WEAK = YES;
				CLANG_WARN_BLOCK_CAPTURE_AUTORELEASING = YES;
				CLANG_WARN_BOOL_CONVERSION = YES;
				CLANG_WARN_COMMA = YES;
				CLANG_WARN_CONSTANT_CONVERSION = YES;
				CLANG_WARN_DEPRECATED_OBJC_IMPLEMENTATIONS = YES;
				CLANG_WARN_DIRECT_OBJC_ISA_USAGE = YES_ERROR;
				CLANG_WARN_DOCUMENTATION_COMMENTS = YES;
				CLANG_WARN_EMPTY_BODY = YES;
				CLANG_WARN_ENUM_CONVERSION = YES;
				CLANG_WARN_INFINITE_RECURSION = YES;
				CLANG_WARN_INT_CONVERSION = YES;
				CLANG_WARN_NON_LITERAL_NULL_CONVERSION = YES;
				CLANG_WARN_OBJC_IMPLICIT_RETAIN_SELF = YES;
				CLANG_WARN_OBJC_LITERAL_CONVERSION = YES;
				CLANG_WARN_OBJC_ROOT_CLASS = YES_ERROR;
				CLANG_WARN_QUOTED_INCLUDE_IN_FRAMEWORK_HEADER = YES;
				CLANG_WARN_RANGE_LOOP_ANALYSIS = YES;
				CLANG_WARN_STRICT_PROTOTYPES = YES;
				CLANG_WARN_SUSPICIOUS_MOVE = YES;
				CLANG_WARN_UNGUARDED_AVAILABILITY = YES_AGGRESSIVE;
				CLANG_WARN_UNREACHABLE_CODE = YES;
				CLANG_WARN__DUPLICATE_METHOD_MATCH = YES;
				COPY_PHASE_STRIP = NO;
				DEBUG_INFORMATION_FORMAT = dwarf;
				ENABLE_STRICT_OBJC_MSGSEND = YES;
				ENABLE_TESTABILITY = YES;
				GCC_C_LANGUAGE_STANDARD = gnu11;
				GCC_DYNAMIC_NO_PIC = NO;
				GCC_NO_COMMON_BLOCKS = YES;
				GCC_OPTIMIZATION_LEVEL = 0;
				GCC_PREPROCESSOR_DEFINITIONS = (
					"DEBUG=1",
					"$(inherited)",
				);
				GCC_WARN_64_TO_32_BIT_CONVERSION = YES;
				GCC_WARN_ABOUT_RETURN_TYPE = YES_ERROR;
				GCC_WARN_UNDECLARED_SELECTOR = YES;
				GCC_WARN_UNINITIALIZED_AUTOS = YES_AGGRESSIVE;
				GCC_WARN_UNUSED_FUNCTION = YES;
				GCC_WARN_UNUSED_VARIABLE = YES;
				IPHONEOS_DEPLOYMENT_TARGET = 14.5;
				MTL_ENABLE_DEBUG_INFO = INCLUDE_SOURCE;
				MTL_FAST_MATH = YES;
				ONLY_ACTIVE_ARCH = YES;
				SDKROOT = iphoneos;
				SWIFT_ACTIVE_COMPILATION_CONDITIONS = DEBUG;
				SWIFT_OPTIMIZATION_LEVEL = "-Onone";
			};
			name = Debug;
		};
		14AE26D926E86B8300D783A3 /* Release */ = {
			isa = XCBuildConfiguration;
			buildSettings = {
				ALWAYS_SEARCH_USER_PATHS = NO;
				CLANG_ANALYZER_NONNULL = YES;
				CLANG_ANALYZER_NUMBER_OBJECT_CONVERSION = YES_AGGRESSIVE;
				CLANG_CXX_LANGUAGE_STANDARD = "gnu++14";
				CLANG_CXX_LIBRARY = "libc++";
				CLANG_ENABLE_MODULES = YES;
				CLANG_ENABLE_OBJC_ARC = YES;
				CLANG_ENABLE_OBJC_WEAK = YES;
				CLANG_WARN_BLOCK_CAPTURE_AUTORELEASING = YES;
				CLANG_WARN_BOOL_CONVERSION = YES;
				CLANG_WARN_COMMA = YES;
				CLANG_WARN_CONSTANT_CONVERSION = YES;
				CLANG_WARN_DEPRECATED_OBJC_IMPLEMENTATIONS = YES;
				CLANG_WARN_DIRECT_OBJC_ISA_USAGE = YES_ERROR;
				CLANG_WARN_DOCUMENTATION_COMMENTS = YES;
				CLANG_WARN_EMPTY_BODY = YES;
				CLANG_WARN_ENUM_CONVERSION = YES;
				CLANG_WARN_INFINITE_RECURSION = YES;
				CLANG_WARN_INT_CONVERSION = YES;
				CLANG_WARN_NON_LITERAL_NULL_CONVERSION = YES;
				CLANG_WARN_OBJC_IMPLICIT_RETAIN_SELF = YES;
				CLANG_WARN_OBJC_LITERAL_CONVERSION = YES;
				CLANG_WARN_OBJC_ROOT_CLASS = YES_ERROR;
				CLANG_WARN_QUOTED_INCLUDE_IN_FRAMEWORK_HEADER = YES;
				CLANG_WARN_RANGE_LOOP_ANALYSIS = YES;
				CLANG_WARN_STRICT_PROTOTYPES = YES;
				CLANG_WARN_SUSPICIOUS_MOVE = YES;
				CLANG_WARN_UNGUARDED_AVAILABILITY = YES_AGGRESSIVE;
				CLANG_WARN_UNREACHABLE_CODE = YES;
				CLANG_WARN__DUPLICATE_METHOD_MATCH = YES;
				COPY_PHASE_STRIP = NO;
				DEBUG_INFORMATION_FORMAT = "dwarf-with-dsym";
				ENABLE_NS_ASSERTIONS = NO;
				ENABLE_STRICT_OBJC_MSGSEND = YES;
				GCC_C_LANGUAGE_STANDARD = gnu11;
				GCC_NO_COMMON_BLOCKS = YES;
				GCC_WARN_64_TO_32_BIT_CONVERSION = YES;
				GCC_WARN_ABOUT_RETURN_TYPE = YES_ERROR;
				GCC_WARN_UNDECLARED_SELECTOR = YES;
				GCC_WARN_UNINITIALIZED_AUTOS = YES_AGGRESSIVE;
				GCC_WARN_UNUSED_FUNCTION = YES;
				GCC_WARN_UNUSED_VARIABLE = YES;
				IPHONEOS_DEPLOYMENT_TARGET = 14.5;
				MTL_ENABLE_DEBUG_INFO = NO;
				MTL_FAST_MATH = YES;
				SDKROOT = iphoneos;
				SWIFT_COMPILATION_MODE = wholemodule;
				SWIFT_OPTIMIZATION_LEVEL = "-O";
				VALIDATE_PRODUCT = YES;
			};
			name = Release;
		};
		14AE26DB26E86B8300D783A3 /* Debug */ = {
			isa = XCBuildConfiguration;
			buildSettings = {
				ASSETCATALOG_COMPILER_APPICON_NAME = AppIcon;
				ASSETCATALOG_COMPILER_GLOBAL_ACCENT_COLOR_NAME = AccentColor;
				CODE_SIGN_STYLE = Automatic;
				DEVELOPMENT_TEAM = KD63FC6849;
				INFOPLIST_FILE = RecapExercise/Info.plist;
				LD_RUNPATH_SEARCH_PATHS = (
					"$(inherited)",
					"@executable_path/Frameworks",
				);
				PRODUCT_BUNDLE_IDENTIFIER = swiftprog.RecapExercise;
				PRODUCT_NAME = "$(TARGET_NAME)";
				SWIFT_VERSION = 5.0;
				TARGETED_DEVICE_FAMILY = "1,2";
			};
			name = Debug;
		};
		14AE26DC26E86B8300D783A3 /* Release */ = {
			isa = XCBuildConfiguration;
			buildSettings = {
				ASSETCATALOG_COMPILER_APPICON_NAME = AppIcon;
				ASSETCATALOG_COMPILER_GLOBAL_ACCENT_COLOR_NAME = AccentColor;
				CODE_SIGN_STYLE = Automatic;
				DEVELOPMENT_TEAM = KD63FC6849;
				INFOPLIST_FILE = RecapExercise/Info.plist;
				LD_RUNPATH_SEARCH_PATHS = (
					"$(inherited)",
					"@executable_path/Frameworks",
				);
				PRODUCT_BUNDLE_IDENTIFIER = swiftprog.RecapExercise;
				PRODUCT_NAME = "$(TARGET_NAME)";
				SWIFT_VERSION = 5.0;
				TARGETED_DEVICE_FAMILY = "1,2";
			};
			name = Release;
		};
		14AE26DE26E86B8300D783A3 /* Debug */ = {
			isa = XCBuildConfiguration;
			buildSettings = {
				ALWAYS_EMBED_SWIFT_STANDARD_LIBRARIES = YES;
				BUNDLE_LOADER = "$(TEST_HOST)";
				CODE_SIGN_STYLE = Automatic;
				DEVELOPMENT_TEAM = KD63FC6849;
				INFOPLIST_FILE = RecapExerciseTests/Info.plist;
				IPHONEOS_DEPLOYMENT_TARGET = 14.5;
				LD_RUNPATH_SEARCH_PATHS = (
					"$(inherited)",
					"@executable_path/Frameworks",
					"@loader_path/Frameworks",
				);
				PRODUCT_BUNDLE_IDENTIFIER = swiftprog.RecapExerciseTests;
				PRODUCT_NAME = "$(TARGET_NAME)";
				SWIFT_VERSION = 5.0;
				TARGETED_DEVICE_FAMILY = "1,2";
				TEST_HOST = "$(BUILT_PRODUCTS_DIR)/RecapExercise.app/RecapExercise";
			};
			name = Debug;
		};
		14AE26DF26E86B8300D783A3 /* Release */ = {
			isa = XCBuildConfiguration;
			buildSettings = {
				ALWAYS_EMBED_SWIFT_STANDARD_LIBRARIES = YES;
				BUNDLE_LOADER = "$(TEST_HOST)";
				CODE_SIGN_STYLE = Automatic;
				DEVELOPMENT_TEAM = KD63FC6849;
				INFOPLIST_FILE = RecapExerciseTests/Info.plist;
				IPHONEOS_DEPLOYMENT_TARGET = 14.5;
				LD_RUNPATH_SEARCH_PATHS = (
					"$(inherited)",
					"@executable_path/Frameworks",
					"@loader_path/Frameworks",
				);
				PRODUCT_BUNDLE_IDENTIFIER = swiftprog.RecapExerciseTests;
				PRODUCT_NAME = "$(TARGET_NAME)";
				SWIFT_VERSION = 5.0;
				TARGETED_DEVICE_FAMILY = "1,2";
				TEST_HOST = "$(BUILT_PRODUCTS_DIR)/RecapExercise.app/RecapExercise";
			};
			name = Release;
		};
		14AE26E126E86B8300D783A3 /* Debug */ = {
			isa = XCBuildConfiguration;
			buildSettings = {
				ALWAYS_EMBED_SWIFT_STANDARD_LIBRARIES = YES;
				CODE_SIGN_STYLE = Automatic;
				DEVELOPMENT_TEAM = KD63FC6849;
				INFOPLIST_FILE = RecapExerciseUITests/Info.plist;
				LD_RUNPATH_SEARCH_PATHS = (
					"$(inherited)",
					"@executable_path/Frameworks",
					"@loader_path/Frameworks",
				);
				PRODUCT_BUNDLE_IDENTIFIER = swiftprog.RecapExerciseUITests;
				PRODUCT_NAME = "$(TARGET_NAME)";
				SWIFT_VERSION = 5.0;
				TARGETED_DEVICE_FAMILY = "1,2";
				TEST_TARGET_NAME = RecapExercise;
			};
			name = Debug;
		};
		14AE26E226E86B8300D783A3 /* Release */ = {
			isa = XCBuildConfiguration;
			buildSettings = {
				ALWAYS_EMBED_SWIFT_STANDARD_LIBRARIES = YES;
				CODE_SIGN_STYLE = Automatic;
				DEVELOPMENT_TEAM = KD63FC6849;
				INFOPLIST_FILE = RecapExerciseUITests/Info.plist;
				LD_RUNPATH_SEARCH_PATHS = (
					"$(inherited)",
					"@executable_path/Frameworks",
					"@loader_path/Frameworks",
				);
				PRODUCT_BUNDLE_IDENTIFIER = swiftprog.RecapExerciseUITests;
				PRODUCT_NAME = "$(TARGET_NAME)";
				SWIFT_VERSION = 5.0;
				TARGETED_DEVICE_FAMILY = "1,2";
				TEST_TARGET_NAME = RecapExercise;
			};
			name = Release;
		};
/* End XCBuildConfiguration section */

/* Begin XCConfigurationList section */
		14AE26AB26E86B8100D783A3 /* Build configuration list for PBXProject "RecapExercise" */ = {
			isa = XCConfigurationList;
			buildConfigurations = (
				14AE26D826E86B8300D783A3 /* Debug */,
				14AE26D926E86B8300D783A3 /* Release */,
			);
			defaultConfigurationIsVisible = 0;
			defaultConfigurationName = Release;
		};
		14AE26DA26E86B8300D783A3 /* Build configuration list for PBXNativeTarget "RecapExercise" */ = {
			isa = XCConfigurationList;
			buildConfigurations = (
				14AE26DB26E86B8300D783A3 /* Debug */,
				14AE26DC26E86B8300D783A3 /* Release */,
			);
			defaultConfigurationIsVisible = 0;
			defaultConfigurationName = Release;
		};
		14AE26DD26E86B8300D783A3 /* Build configuration list for PBXNativeTarget "RecapExerciseTests" */ = {
			isa = XCConfigurationList;
			buildConfigurations = (
				14AE26DE26E86B8300D783A3 /* Debug */,
				14AE26DF26E86B8300D783A3 /* Release */,
			);
			defaultConfigurationIsVisible = 0;
			defaultConfigurationName = Release;
		};
		14AE26E026E86B8300D783A3 /* Build configuration list for PBXNativeTarget "RecapExerciseUITests" */ = {
			isa = XCConfigurationList;
			buildConfigurations = (
				14AE26E126E86B8300D783A3 /* Debug */,
				14AE26E226E86B8300D783A3 /* Release */,
			);
			defaultConfigurationIsVisible = 0;
			defaultConfigurationName = Release;
		};
/* End XCConfigurationList section */
	};
	rootObject = 14AE26A826E86B8100D783A3 /* Project object */;
}
